# This file is automatically @generated by Cargo.
# It is not intended for manual editing.
version = 4

[[package]]
name = "orbit-wars-core"
version = "0.1.0"

[[package]]
name = "orbit-wars-ffi"
version = "0.1.0"
dependencies = [
 "orbit-wars-core",
]

[[package]]
name = "orbit-wars-trainer"
version = "0.1.0"
dependencies = [
 "orbit-wars-core",
]
